// !$*UTF8*$!
{
	archiveVersion = 1;
	classes = {
	};
	objectVersion = 56;
	objects = {

/* Begin PBXBuildFile section */
		722AFD452B8E073100770DC9 /* TLButtonView.swift in Sources */ = {isa = PBXBuildFile; fileRef = 722AFD442B8E073100770DC9 /* TLButtonView.swift */; };
		722AFD482B8E1FBC00770DC9 /* FirebaseAuth in Frameworks */ = {isa = PBXBuildFile; productRef = 722AFD472B8E1FBC00770DC9 /* FirebaseAuth */; };
		722AFD4A2B8E2AEE00770DC9 /* FirebaseFirestore in Frameworks */ = {isa = PBXBuildFile; productRef = 722AFD492B8E2AEE00770DC9 /* FirebaseFirestore */; };
		722AFD4C2B8E2BD700770DC9 /* Extensions.swift in Sources */ = {isa = PBXBuildFile; fileRef = 722AFD4B2B8E2BD700770DC9 /* Extensions.swift */; };
		7269C0322B8D102F00CC808E /* ToDoListApp.swift in Sources */ = {isa = PBXBuildFile; fileRef = 7269C0312B8D102F00CC808E /* ToDoListApp.swift */; };
		7269C0342B8D102F00CC808E /* MainView.swift in Sources */ = {isa = PBXBuildFile; fileRef = 7269C0332B8D102F00CC808E /* MainView.swift */; };
		7269C0362B8D103100CC808E /* Assets.xcassets in Resources */ = {isa = PBXBuildFile; fileRef = 7269C0352B8D103100CC808E /* Assets.xcassets */; };
		7269C0392B8D103100CC808E /* Preview Assets.xcassets in Resources */ = {isa = PBXBuildFile; fileRef = 7269C0382B8D103100CC808E /* Preview Assets.xcassets */; };
		7269C0412B8D12A400CC808E /* FirebaseAnalytics in Frameworks */ = {isa = PBXBuildFile; productRef = 7269C0402B8D12A400CC808E /* FirebaseAnalytics */; };
		7269C0432B8D12A400CC808E /* FirebaseAnalyticsOnDeviceConversion in Frameworks */ = {isa = PBXBuildFile; productRef = 7269C0422B8D12A400CC808E /* FirebaseAnalyticsOnDeviceConversion */; };
		7269C0452B8D12A400CC808E /* FirebaseAnalyticsSwift in Frameworks */ = {isa = PBXBuildFile; productRef = 7269C0442B8D12A400CC808E /* FirebaseAnalyticsSwift */; };
		7269C0472B8D12A400CC808E /* FirebaseAnalyticsWithoutAdIdSupport in Frameworks */ = {isa = PBXBuildFile; productRef = 7269C0462B8D12A400CC808E /* FirebaseAnalyticsWithoutAdIdSupport */; };
		7269C0492B8D12A400CC808E /* FirebaseAppCheck in Frameworks */ = {isa = PBXBuildFile; productRef = 7269C0482B8D12A400CC808E /* FirebaseAppCheck */; };
		7269C04B2B8D14F400CC808E /* GoogleService-Info.plist in Resources */ = {isa = PBXBuildFile; fileRef = 7269C04A2B8D14F400CC808E /* GoogleService-Info.plist */; };
		7269C0512B8D1B3A00CC808E /* ProfileView.swift in Sources */ = {isa = PBXBuildFile; fileRef = 7269C0502B8D1B3A00CC808E /* ProfileView.swift */; };
		7269C0532B8D1B6B00CC808E /* ToDoListView.swift in Sources */ = {isa = PBXBuildFile; fileRef = 7269C0522B8D1B6B00CC808E /* ToDoListView.swift */; };
		7269C0552B8D1B9A00CC808E /* NewItemView.swift in Sources */ = {isa = PBXBuildFile; fileRef = 7269C0542B8D1B9A00CC808E /* NewItemView.swift */; };
		7269C0572B8D1BBC00CC808E /* LoginView.swift in Sources */ = {isa = PBXBuildFile; fileRef = 7269C0562B8D1BBC00CC808E /* LoginView.swift */; };
		7269C0592B8D1BD800CC808E /* RegisterView.swift in Sources */ = {isa = PBXBuildFile; fileRef = 7269C0582B8D1BD800CC808E /* RegisterView.swift */; };
		7269C05B2B8D1C5100CC808E /* ToDoListItemView.swift in Sources */ = {isa = PBXBuildFile; fileRef = 7269C05A2B8D1C5100CC808E /* ToDoListItemView.swift */; };
		7269C05D2B8D1CB200CC808E /* User.swift in Sources */ = {isa = PBXBuildFile; fileRef = 7269C05C2B8D1CB200CC808E /* User.swift */; };
		7269C05F2B8D1CC700CC808E /* ToDoListItem.swift in Sources */ = {isa = PBXBuildFile; fileRef = 7269C05E2B8D1CC700CC808E /* ToDoListItem.swift */; };
		7269C0612B8D1D1C00CC808E /* MainViewViewModel.swift in Sources */ = {isa = PBXBuildFile; fileRef = 7269C0602B8D1D1C00CC808E /* MainViewViewModel.swift */; };
		7269C0632B8D1D2E00CC808E /* ProfileViewViewModel.swift in Sources */ = {isa = PBXBuildFile; fileRef = 7269C0622B8D1D2E00CC808E /* ProfileViewViewModel.swift */; };
		7269C0652B8D1D4300CC808E /* ToDoListViewViewModel.swift in Sources */ = {isa = PBXBuildFile; fileRef = 7269C0642B8D1D4300CC808E /* ToDoListViewViewModel.swift */; };
		7269C0672B8D1D5600CC808E /* NewItemViewViewModel.swift in Sources */ = {isa = PBXBuildFile; fileRef = 7269C0662B8D1D5600CC808E /* NewItemViewViewModel.swift */; };
		7269C0692B8D1D6C00CC808E /* LoginViewViewModel.swift in Sources */ = {isa = PBXBuildFile; fileRef = 7269C0682B8D1D6C00CC808E /* LoginViewViewModel.swift */; };
		7269C06B2B8D1D8400CC808E /* ToDoListItemViewViewModel.swift in Sources */ = {isa = PBXBuildFile; fileRef = 7269C06A2B8D1D8400CC808E /* ToDoListItemViewViewModel.swift */; };
		7269C06D2B8D1D9400CC808E /* RegisterViewViewModel.swift in Sources */ = {isa = PBXBuildFile; fileRef = 7269C06C2B8D1D9400CC808E /* RegisterViewViewModel.swift */; };
		7269C06F2B8DDC9F00CC808E /* HeaderView.swift in Sources */ = {isa = PBXBuildFile; fileRef = 7269C06E2B8DDC9F00CC808E /* HeaderView.swift */; };
/* End PBXBuildFile section */

/* Begin PBXFileReference section */
		722AFD442B8E073100770DC9 /* TLButtonView.swift */ = {isa = PBXFileReference; lastKnownFileType = sourcecode.swift; path = TLButtonView.swift; sourceTree = "<group>"; };
		722AFD4B2B8E2BD700770DC9 /* Extensions.swift */ = {isa = PBXFileReference; lastKnownFileType = sourcecode.swift; path = Extensions.swift; sourceTree = "<group>"; };
		7269C02E2B8D102F00CC808E /* ToDoList.app */ = {isa = PBXFileReference; explicitFileType = wrapper.application; includeInIndex = 0; path = ToDoList.app; sourceTree = BUILT_PRODUCTS_DIR; };
		7269C0312B8D102F00CC808E /* ToDoListApp.swift */ = {isa = PBXFileReference; lastKnownFileType = sourcecode.swift; path = ToDoListApp.swift; sourceTree = "<group>"; };
		7269C0332B8D102F00CC808E /* MainView.swift */ = {isa = PBXFileReference; lastKnownFileType = sourcecode.swift; path = MainView.swift; sourceTree = "<group>"; };
		7269C0352B8D103100CC808E /* Assets.xcassets */ = {isa = PBXFileReference; lastKnownFileType = folder.assetcatalog; path = Assets.xcassets; sourceTree = "<group>"; };
		7269C0382B8D103100CC808E /* Preview Assets.xcassets */ = {isa = PBXFileReference; lastKnownFileType = folder.assetcatalog; path = "Preview Assets.xcassets"; sourceTree = "<group>"; };
		7269C04A2B8D14F400CC808E /* GoogleService-Info.plist */ = {isa = PBXFileReference; lastKnownFileType = text.plist.xml; name = "GoogleService-Info.plist"; path = "ToDoList/Other/GoogleService-Info.plist"; sourceTree = SOURCE_ROOT; };
		7269C0502B8D1B3A00CC808E /* ProfileView.swift */ = {isa = PBXFileReference; lastKnownFileType = sourcecode.swift; path = ProfileView.swift; sourceTree = "<group>"; };
		7269C0522B8D1B6B00CC808E /* ToDoListView.swift */ = {isa = PBXFileReference; lastKnownFileType = sourcecode.swift; path = ToDoListView.swift; sourceTree = "<group>"; };
		7269C0542B8D1B9A00CC808E /* NewItemView.swift */ = {isa = PBXFileReference; lastKnownFileType = sourcecode.swift; path = NewItemView.swift; sourceTree = "<group>"; };
		7269C0562B8D1BBC00CC808E /* LoginView.swift */ = {isa = PBXFileReference; lastKnownFileType = sourcecode.swift; path = LoginView.swift; sourceTree = "<group>"; };
		7269C0582B8D1BD800CC808E /* RegisterView.swift */ = {isa = PBXFileReference; lastKnownFileType = sourcecode.swift; path = RegisterView.swift; sourceTree = "<group>"; };
		7269C05A2B8D1C5100CC808E /* ToDoListItemView.swift */ = {isa = PBXFileReference; lastKnownFileType = sourcecode.swift; path = ToDoListItemView.swift; sourceTree = "<group>"; };
		7269C05C2B8D1CB200CC808E /* User.swift */ = {isa = PBXFileReference; lastKnownFileType = sourcecode.swift; path = User.swift; sourceTree = "<group>"; };
		7269C05E2B8D1CC700CC808E /* ToDoListItem.swift */ = {isa = PBXFileReference; lastKnownFileType = sourcecode.swift; path = ToDoListItem.swift; sourceTree = "<group>"; };
		7269C0602B8D1D1C00CC808E /* MainViewViewModel.swift */ = {isa = PBXFileReference; lastKnownFileType = sourcecode.swift; path = MainViewViewModel.swift; sourceTree = "<group>"; };
		7269C0622B8D1D2E00CC808E /* ProfileViewViewModel.swift */ = {isa = PBXFileReference; lastKnownFileType = sourcecode.swift; path = ProfileViewViewModel.swift; sourceTree = "<group>"; };
		7269C0642B8D1D4300CC808E /* ToDoListViewViewModel.swift */ = {isa = PBXFileReference; lastKnownFileType = sourcecode.swift; path = ToDoListViewViewModel.swift; sourceTree = "<group>"; };
		7269C0662B8D1D5600CC808E /* NewItemViewViewModel.swift */ = {isa = PBXFileReference; lastKnownFileType = sourcecode.swift; path = NewItemViewViewModel.swift; sourceTree = "<group>"; };
		7269C0682B8D1D6C00CC808E /* LoginViewViewModel.swift */ = {isa = PBXFileReference; lastKnownFileType = sourcecode.swift; path = LoginViewViewModel.swift; sourceTree = "<group>"; };
		7269C06A2B8D1D8400CC808E /* ToDoListItemViewViewModel.swift */ = {isa = PBXFileReference; lastKnownFileType = sourcecode.swift; path = ToDoListItemViewViewModel.swift; sourceTree = "<group>"; };
		7269C06C2B8D1D9400CC808E /* RegisterViewViewModel.swift */ = {isa = PBXFileReference; lastKnownFileType = sourcecode.swift; path = RegisterViewViewModel.swift; sourceTree = "<group>"; };
		7269C06E2B8DDC9F00CC808E /* HeaderView.swift */ = {isa = PBXFileReference; lastKnownFileType = sourcecode.swift; path = HeaderView.swift; sourceTree = "<group>"; };
/* End PBXFileReference section */

/* Begin PBXFrameworksBuildPhase section */
		7269C02B2B8D102F00CC808E /* Frameworks */ = {
			isa = PBXFrameworksBuildPhase;
			buildActionMask = 2147483647;
			files = (
				7269C0452B8D12A400CC808E /* FirebaseAnalyticsSwift in Frameworks */,
				722AFD482B8E1FBC00770DC9 /* FirebaseAuth in Frameworks */,
				7269C0412B8D12A400CC808E /* FirebaseAnalytics in Frameworks */,
				7269C0432B8D12A400CC808E /* FirebaseAnalyticsOnDeviceConversion in Frameworks */,
				7269C0492B8D12A400CC808E /* FirebaseAppCheck in Frameworks */,
				7269C0472B8D12A400CC808E /* FirebaseAnalyticsWithoutAdIdSupport in Frameworks */,
				722AFD4A2B8E2AEE00770DC9 /* FirebaseFirestore in Frameworks */,
			);
			runOnlyForDeploymentPostprocessing = 0;
		};
/* End PBXFrameworksBuildPhase section */

/* Begin PBXGroup section */
		722AFD462B8E1FBC00770DC9 /* Frameworks */ = {
			isa = PBXGroup;
			children = (
			);
			name = Frameworks;
			sourceTree = "<group>";
		};
		7269C0252B8D102F00CC808E = {
			isa = PBXGroup;
			children = (
				7269C0302B8D102F00CC808E /* ToDoList */,
				7269C02F2B8D102F00CC808E /* Products */,
				722AFD462B8E1FBC00770DC9 /* Frameworks */,
			);
			sourceTree = "<group>";
		};
		7269C02F2B8D102F00CC808E /* Products */ = {
			isa = PBXGroup;
			children = (
				7269C02E2B8D102F00CC808E /* ToDoList.app */,
			);
			name = Products;
			sourceTree = "<group>";
		};
		7269C0302B8D102F00CC808E /* ToDoList */ = {
			isa = PBXGroup;
			children = (
				7269C04F2B8D179400CC808E /* Other */,
				7269C04E2B8D178200CC808E /* Models */,
				7269C04D2B8D177900CC808E /* ViewModels */,
				7269C04C2B8D176E00CC808E /* Views */,
				7269C0372B8D103100CC808E /* Preview Content */,
			);
			path = ToDoList;
			sourceTree = "<group>";
		};
		7269C0372B8D103100CC808E /* Preview Content */ = {
			isa = PBXGroup;
			children = (
				7269C0382B8D103100CC808E /* Preview Assets.xcassets */,
			);
			path = "Preview Content";
			sourceTree = "<group>";
		};
		7269C04C2B8D176E00CC808E /* Views */ = {
			isa = PBXGroup;
			children = (
				7269C0332B8D102F00CC808E /* MainView.swift */,
				7269C0502B8D1B3A00CC808E /* ProfileView.swift */,
				7269C0522B8D1B6B00CC808E /* ToDoListView.swift */,
				7269C0542B8D1B9A00CC808E /* NewItemView.swift */,
				7269C0562B8D1BBC00CC808E /* LoginView.swift */,
				7269C05A2B8D1C5100CC808E /* ToDoListItemView.swift */,
				7269C0582B8D1BD800CC808E /* RegisterView.swift */,
				7269C06E2B8DDC9F00CC808E /* HeaderView.swift */,
				722AFD442B8E073100770DC9 /* TLButtonView.swift */,
			);
			path = Views;
			sourceTree = "<group>";
		};
		7269C04D2B8D177900CC808E /* ViewModels */ = {
			isa = PBXGroup;
			children = (
				7269C0602B8D1D1C00CC808E /* MainViewViewModel.swift */,
				7269C0622B8D1D2E00CC808E /* ProfileViewViewModel.swift */,
				7269C0642B8D1D4300CC808E /* ToDoListViewViewModel.swift */,
				7269C0662B8D1D5600CC808E /* NewItemViewViewModel.swift */,
				7269C0682B8D1D6C00CC808E /* LoginViewViewModel.swift */,
				7269C06A2B8D1D8400CC808E /* ToDoListItemViewViewModel.swift */,
				7269C06C2B8D1D9400CC808E /* RegisterViewViewModel.swift */,
			);
			path = ViewModels;
			sourceTree = "<group>";
		};
		7269C04E2B8D178200CC808E /* Models */ = {
			isa = PBXGroup;
			children = (
				7269C05C2B8D1CB200CC808E /* User.swift */,
				7269C05E2B8D1CC700CC808E /* ToDoListItem.swift */,
			);
			path = Models;
			sourceTree = "<group>";
		};
		7269C04F2B8D179400CC808E /* Other */ = {
			isa = PBXGroup;
			children = (
				7269C0352B8D103100CC808E /* Assets.xcassets */,
				7269C04A2B8D14F400CC808E /* GoogleService-Info.plist */,
				7269C0312B8D102F00CC808E /* ToDoListApp.swift */,
				722AFD4B2B8E2BD700770DC9 /* Extensions.swift */,
			);
			path = Other;
			sourceTree = "<group>";
		};
/* End PBXGroup section */

/* Begin PBXNativeTarget section */
		7269C02D2B8D102F00CC808E /* ToDoList */ = {
			isa = PBXNativeTarget;
			buildConfigurationList = 7269C03C2B8D103100CC808E /* Build configuration list for PBXNativeTarget "ToDoList" */;
			buildPhases = (
				7269C02A2B8D102F00CC808E /* Sources */,
				7269C02B2B8D102F00CC808E /* Frameworks */,
				7269C02C2B8D102F00CC808E /* Resources */,
			);
			buildRules = (
			);
			dependencies = (
			);
			name = ToDoList;
			packageProductDependencies = (
				7269C0402B8D12A400CC808E /* FirebaseAnalytics */,
				7269C0422B8D12A400CC808E /* FirebaseAnalyticsOnDeviceConversion */,
				7269C0442B8D12A400CC808E /* FirebaseAnalyticsSwift */,
				7269C0462B8D12A400CC808E /* FirebaseAnalyticsWithoutAdIdSupport */,
				7269C0482B8D12A400CC808E /* FirebaseAppCheck */,
				722AFD472B8E1FBC00770DC9 /* FirebaseAuth */,
				722AFD492B8E2AEE00770DC9 /* FirebaseFirestore */,
			);
			productName = ToDoList;
			productReference = 7269C02E2B8D102F00CC808E /* ToDoList.app */;
			productType = "com.apple.product-type.application";
		};
/* End PBXNativeTarget section */

/* Begin PBXProject section */
		7269C0262B8D102F00CC808E /* Project object */ = {
			isa = PBXProject;
			attributes = {
				BuildIndependentTargetsInParallel = 1;
				LastSwiftUpdateCheck = 1500;
				LastUpgradeCheck = 1500;
				TargetAttributes = {
					7269C02D2B8D102F00CC808E = {
						CreatedOnToolsVersion = 15.0.1;
					};
				};
			};
			buildConfigurationList = 7269C0292B8D102F00CC808E /* Build configuration list for PBXProject "ToDoList" */;
			compatibilityVersion = "Xcode 14.0";
			developmentRegion = en;
			hasScannedForEncodings = 0;
			knownRegions = (
				en,
				Base,
			);
			mainGroup = 7269C0252B8D102F00CC808E;
			packageReferences = (
				7269C03F2B8D12A400CC808E /* XCRemoteSwiftPackageReference "firebase-ios-sdk" */,
			);
			productRefGroup = 7269C02F2B8D102F00CC808E /* Products */;
			projectDirPath = "";
			projectRoot = "";
			targets = (
				7269C02D2B8D102F00CC808E /* ToDoList */,
			);
		};
/* End PBXProject section */

/* Begin PBXResourcesBuildPhase section */
		7269C02C2B8D102F00CC808E /* Resources */ = {
			isa = PBXResourcesBuildPhase;
			buildActionMask = 2147483647;
			files = (
				7269C0392B8D103100CC808E /* Preview Assets.xcassets in Resources */,
				7269C0362B8D103100CC808E /* Assets.xcassets in Resources */,
				7269C04B2B8D14F400CC808E /* GoogleService-Info.plist in Resources */,
			);
			runOnlyForDeploymentPostprocessing = 0;
		};
/* End PBXResourcesBuildPhase section */

/* Begin PBXSourcesBuildPhase section */
		7269C02A2B8D102F00CC808E /* Sources */ = {
			isa = PBXSourcesBuildPhase;
			buildActionMask = 2147483647;
			files = (
				7269C0572B8D1BBC00CC808E /* LoginView.swift in Sources */,
				7269C06F2B8DDC9F00CC808E /* HeaderView.swift in Sources */,
				7269C0342B8D102F00CC808E /* MainView.swift in Sources */,
				7269C06D2B8D1D9400CC808E /* RegisterViewViewModel.swift in Sources */,
				7269C06B2B8D1D8400CC808E /* ToDoListItemViewViewModel.swift in Sources */,
				7269C0612B8D1D1C00CC808E /* MainViewViewModel.swift in Sources */,
				722AFD452B8E073100770DC9 /* TLButtonView.swift in Sources */,
				7269C0532B8D1B6B00CC808E /* ToDoListView.swift in Sources */,
				7269C0592B8D1BD800CC808E /* RegisterView.swift in Sources */,
				7269C0632B8D1D2E00CC808E /* ProfileViewViewModel.swift in Sources */,
				7269C0512B8D1B3A00CC808E /* ProfileView.swift in Sources */,
				7269C05D2B8D1CB200CC808E /* User.swift in Sources */,
				7269C05B2B8D1C5100CC808E /* ToDoListItemView.swift in Sources */,
				7269C0652B8D1D4300CC808E /* ToDoListViewViewModel.swift in Sources */,
				7269C0692B8D1D6C00CC808E /* LoginViewViewModel.swift in Sources */,
				722AFD4C2B8E2BD700770DC9 /* Extensions.swift in Sources */,
				7269C0322B8D102F00CC808E /* ToDoListApp.swift in Sources */,
				7269C05F2B8D1CC700CC808E /* ToDoListItem.swift in Sources */,
				7269C0552B8D1B9A00CC808E /* NewItemView.swift in Sources */,
				7269C0672B8D1D5600CC808E /* NewItemViewViewModel.swift in Sources */,
			);
			runOnlyForDeploymentPostprocessing = 0;
		};
/* End PBXSourcesBuildPhase section */

/* Begin XCBuildConfiguration section */
		7269C03A2B8D103100CC808E /* Debug */ = {
			isa = XCBuildConfiguration;
			buildSettings = {
				ALWAYS_SEARCH_USER_PATHS = NO;
				ASSETCATALOG_COMPILER_GENERATE_SWIFT_ASSET_SYMBOL_EXTENSIONS = YES;
				CLANG_ANALYZER_NONNULL = YES;
				CLANG_ANALYZER_NUMBER_OBJECT_CONVERSION = YES_AGGRESSIVE;
				CLANG_CXX_LANGUAGE_STANDARD = "gnu++20";
				CLANG_ENABLE_MODULES = YES;
				CLANG_ENABLE_OBJC_ARC = YES;
				CLANG_ENABLE_OBJC_WEAK = YES;
				CLANG_WARN_BLOCK_CAPTURE_AUTORELEASING = YES;
				CLANG_WARN_BOOL_CONVERSION = YES;
				CLANG_WARN_COMMA = YES;
				CLANG_WARN_CONSTANT_CONVERSION = YES;
				CLANG_WARN_DEPRECATED_OBJC_IMPLEMENTATIONS = YES;
				CLANG_WARN_DIRECT_OBJC_ISA_USAGE = YES_ERROR;
				CLANG_WARN_DOCUMENTATION_COMMENTS = YES;
				CLANG_WARN_EMPTY_BODY = YES;
				CLANG_WARN_ENUM_CONVERSION = YES;
				CLANG_WARN_INFINITE_RECURSION = YES;
				CLANG_WARN_INT_CONVERSION = YES;
				CLANG_WARN_NON_LITERAL_NULL_CONVERSION = YES;
				CLANG_WARN_OBJC_IMPLICIT_RETAIN_SELF = YES;
				CLANG_WARN_OBJC_LITERAL_CONVERSION = YES;
				CLANG_WARN_OBJC_ROOT_CLASS = YES_ERROR;
				CLANG_WARN_QUOTED_INCLUDE_IN_FRAMEWORK_HEADER = YES;
				CLANG_WARN_RANGE_LOOP_ANALYSIS = YES;
				CLANG_WARN_STRICT_PROTOTYPES = YES;
				CLANG_WARN_SUSPICIOUS_MOVE = YES;
				CLANG_WARN_UNGUARDED_AVAILABILITY = YES_AGGRESSIVE;
				CLANG_WARN_UNREACHABLE_CODE = YES;
				CLANG_WARN__DUPLICATE_METHOD_MATCH = YES;
				COPY_PHASE_STRIP = NO;
				DEBUG_INFORMATION_FORMAT = dwarf;
				ENABLE_STRICT_OBJC_MSGSEND = YES;
				ENABLE_TESTABILITY = YES;
				ENABLE_USER_SCRIPT_SANDBOXING = YES;
				GCC_C_LANGUAGE_STANDARD = gnu17;
				GCC_DYNAMIC_NO_PIC = NO;
				GCC_NO_COMMON_BLOCKS = YES;
				GCC_OPTIMIZATION_LEVEL = 0;
				GCC_PREPROCESSOR_DEFINITIONS = (
					"DEBUG=1",
					"$(inherited)",
				);
				GCC_WARN_64_TO_32_BIT_CONVERSION = YES;
				GCC_WARN_ABOUT_RETURN_TYPE = YES_ERROR;
				GCC_WARN_UNDECLARED_SELECTOR = YES;
				GCC_WARN_UNINITIALIZED_AUTOS = YES_AGGRESSIVE;
				GCC_WARN_UNUSED_FUNCTION = YES;
				GCC_WARN_UNUSED_VARIABLE = YES;
				IPHONEOS_DEPLOYMENT_TARGET = 17.0;
				LOCALIZATION_PREFERS_STRING_CATALOGS = YES;
				MTL_ENABLE_DEBUG_INFO = INCLUDE_SOURCE;
				MTL_FAST_MATH = YES;
				ONLY_ACTIVE_ARCH = YES;
				SDKROOT = iphoneos;
				SWIFT_ACTIVE_COMPILATION_CONDITIONS = "DEBUG $(inherited)";
				SWIFT_OPTIMIZATION_LEVEL = "-Onone";
			};
			name = Debug;
		};
		7269C03B2B8D103100CC808E /* Release */ = {
			isa = XCBuildConfiguration;
			buildSettings = {
				ALWAYS_SEARCH_USER_PATHS = NO;
				ASSETCATALOG_COMPILER_GENERATE_SWIFT_ASSET_SYMBOL_EXTENSIONS = YES;
				CLANG_ANALYZER_NONNULL = YES;
				CLANG_ANALYZER_NUMBER_OBJECT_CONVERSION = YES_AGGRESSIVE;
				CLANG_CXX_LANGUAGE_STANDARD = "gnu++20";
				CLANG_ENABLE_MODULES = YES;
				CLANG_ENABLE_OBJC_ARC = YES;
				CLANG_ENABLE_OBJC_WEAK = YES;
				CLANG_WARN_BLOCK_CAPTURE_AUTORELEASING = YES;
				CLANG_WARN_BOOL_CONVERSION = YES;
				CLANG_WARN_COMMA = YES;
				CLANG_WARN_CONSTANT_CONVERSION = YES;
				CLANG_WARN_DEPRECATED_OBJC_IMPLEMENTATIONS = YES;
				CLANG_WARN_DIRECT_OBJC_ISA_USAGE = YES_ERROR;
				CLANG_WARN_DOCUMENTATION_COMMENTS = YES;
				CLANG_WARN_EMPTY_BODY = YES;
				CLANG_WARN_ENUM_CONVERSION = YES;
				CLANG_WARN_INFINITE_RECURSION = YES;
				CLANG_WARN_INT_CONVERSION = YES;
				CLANG_WARN_NON_LITERAL_NULL_CONVERSION = YES;
				CLANG_WARN_OBJC_IMPLICIT_RETAIN_SELF = YES;
				CLANG_WARN_OBJC_LITERAL_CONVERSION = YES;
				CLANG_WARN_OBJC_ROOT_CLASS = YES_ERROR;
				CLANG_WARN_QUOTED_INCLUDE_IN_FRAMEWORK_HEADER = YES;
				CLANG_WARN_RANGE_LOOP_ANALYSIS = YES;
				CLANG_WARN_STRICT_PROTOTYPES = YES;
				CLANG_WARN_SUSPICIOUS_MOVE = YES;
				CLANG_WARN_UNGUARDED_AVAILABILITY = YES_AGGRESSIVE;
				CLANG_WARN_UNREACHABLE_CODE = YES;
				CLANG_WARN__DUPLICATE_METHOD_MATCH = YES;
				COPY_PHASE_STRIP = NO;
				DEBUG_INFORMATION_FORMAT = "dwarf-with-dsym";
				ENABLE_NS_ASSERTIONS = NO;
				ENABLE_STRICT_OBJC_MSGSEND = YES;
				ENABLE_USER_SCRIPT_SANDBOXING = YES;
				GCC_C_LANGUAGE_STANDARD = gnu17;
				GCC_NO_COMMON_BLOCKS = YES;
				GCC_WARN_64_TO_32_BIT_CONVERSION = YES;
				GCC_WARN_ABOUT_RETURN_TYPE = YES_ERROR;
				GCC_WARN_UNDECLARED_SELECTOR = YES;
				GCC_WARN_UNINITIALIZED_AUTOS = YES_AGGRESSIVE;
				GCC_WARN_UNUSED_FUNCTION = YES;
				GCC_WARN_UNUSED_VARIABLE = YES;
				IPHONEOS_DEPLOYMENT_TARGET = 17.0;
				LOCALIZATION_PREFERS_STRING_CATALOGS = YES;
				MTL_ENABLE_DEBUG_INFO = NO;
				MTL_FAST_MATH = YES;
				SDKROOT = iphoneos;
				SWIFT_COMPILATION_MODE = wholemodule;
				VALIDATE_PRODUCT = YES;
			};
			name = Release;
		};
		7269C03D2B8D103100CC808E /* Debug */ = {
			isa = XCBuildConfiguration;
			buildSettings = {
				ASSETCATALOG_COMPILER_APPICON_NAME = AppIcon;
				ASSETCATALOG_COMPILER_GLOBAL_ACCENT_COLOR_NAME = AccentColor;
				CODE_SIGN_STYLE = Automatic;
				CURRENT_PROJECT_VERSION = 1;
				DEVELOPMENT_ASSET_PATHS = "\"ToDoList/Preview Content\"";
				DEVELOPMENT_TEAM = 22664Y588Z;
				ENABLE_PREVIEWS = YES;
				GENERATE_INFOPLIST_FILE = YES;
				INFOPLIST_KEY_CFBundleDisplayName = "To Do List";
				INFOPLIST_KEY_UIApplicationSceneManifest_Generation = YES;
				INFOPLIST_KEY_UIApplicationSupportsIndirectInputEvents = YES;
				INFOPLIST_KEY_UILaunchScreen_Generation = YES;
				INFOPLIST_KEY_UISupportedInterfaceOrientations = UIInterfaceOrientationPortrait;
				LD_RUNPATH_SEARCH_PATHS = (
					"$(inherited)",
					"@executable_path/Frameworks",
				);
				MARKETING_VERSION = 1.0;
				PRODUCT_BUNDLE_IDENTIFIER = com.vintage.ToDoList;
				PRODUCT_NAME = "$(TARGET_NAME)";
				SWIFT_EMIT_LOC_STRINGS = YES;
				SWIFT_VERSION = 5.0;
				TARGETED_DEVICE_FAMILY = "1,2";
			};
			name = Debug;
		};
		7269C03E2B8D103100CC808E /* Release */ = {
			isa = XCBuildConfiguration;
			buildSettings = {
				ASSETCATALOG_COMPILER_APPICON_NAME = AppIcon;
				ASSETCATALOG_COMPILER_GLOBAL_ACCENT_COLOR_NAME = AccentColor;
				CODE_SIGN_STYLE = Automatic;
				CURRENT_PROJECT_VERSION = 1;
				DEVELOPMENT_ASSET_PATHS = "\"ToDoList/Preview Content\"";
				DEVELOPMENT_TEAM = 22664Y588Z;
				ENABLE_PREVIEWS = YES;
				GENERATE_INFOPLIST_FILE = YES;
				INFOPLIST_KEY_CFBundleDisplayName = "To Do List";
				INFOPLIST_KEY_UIApplicationSceneManifest_Generation = YES;
				INFOPLIST_KEY_UIApplicationSupportsIndirectInputEvents = YES;
				INFOPLIST_KEY_UILaunchScreen_Generation = YES;
				INFOPLIST_KEY_UISupportedInterfaceOrientations = UIInterfaceOrientationPortrait;
				LD_RUNPATH_SEARCH_PATHS = (
					"$(inherited)",
					"@executable_path/Frameworks",
				);
				MARKETING_VERSION = 1.0;
				PRODUCT_BUNDLE_IDENTIFIER = com.vintage.ToDoList;
				PRODUCT_NAME = "$(TARGET_NAME)";
				SWIFT_EMIT_LOC_STRINGS = YES;
				SWIFT_VERSION = 5.0;
				TARGETED_DEVICE_FAMILY = "1,2";
			};
			name = Release;
		};
/* End XCBuildConfiguration section */

/* Begin XCConfigurationList section */
		7269C0292B8D102F00CC808E /* Build configuration list for PBXProject "ToDoList" */ = {
			isa = XCConfigurationList;
			buildConfigurations = (
				7269C03A2B8D103100CC808E /* Debug */,
				7269C03B2B8D103100CC808E /* Release */,
			);
			defaultConfigurationIsVisible = 0;
			defaultConfigurationName = Release;
		};
		7269C03C2B8D103100CC808E /* Build configuration list for PBXNativeTarget "ToDoList" */ = {
			isa = XCConfigurationList;
			buildConfigurations = (
				7269C03D2B8D103100CC808E /* Debug */,
				7269C03E2B8D103100CC808E /* Release */,
			);
			defaultConfigurationIsVisible = 0;
			defaultConfigurationName = Release;
		};
/* End XCConfigurationList section */

/* Begin XCRemoteSwiftPackageReference section */
		7269C03F2B8D12A400CC808E /* XCRemoteSwiftPackageReference "firebase-ios-sdk" */ = {
			isa = XCRemoteSwiftPackageReference;
			repositoryURL = "https://github.com/firebase/firebase-ios-sdk";
			requirement = {
				kind = upToNextMajorVersion;
				minimumVersion = 10.21.0;
			};
		};
/* End XCRemoteSwiftPackageReference section */

/* Begin XCSwiftPackageProductDependency section */
		722AFD472B8E1FBC00770DC9 /* FirebaseAuth */ = {
			isa = XCSwiftPackageProductDependency;
			package = 7269C03F2B8D12A400CC808E /* XCRemoteSwiftPackageReference "firebase-ios-sdk" */;
			productName = FirebaseAuth;
		};
		722AFD492B8E2AEE00770DC9 /* FirebaseFirestore */ = {
			isa = XCSwiftPackageProductDependency;
			package = 7269C03F2B8D12A400CC808E /* XCRemoteSwiftPackageReference "firebase-ios-sdk" */;
			productName = FirebaseFirestore;
		};
		7269C0402B8D12A400CC808E /* FirebaseAnalytics */ = {
			isa = XCSwiftPackageProductDependency;
			package = 7269C03F2B8D12A400CC808E /* XCRemoteSwiftPackageReference "firebase-ios-sdk" */;
			productName = FirebaseAnalytics;
		};
		7269C0422B8D12A400CC808E /* FirebaseAnalyticsOnDeviceConversion */ = {
			isa = XCSwiftPackageProductDependency;
			package = 7269C03F2B8D12A400CC808E /* XCRemoteSwiftPackageReference "firebase-ios-sdk" */;
			productName = FirebaseAnalyticsOnDeviceConversion;
		};
		7269C0442B8D12A400CC808E /* FirebaseAnalyticsSwift */ = {
			isa = XCSwiftPackageProductDependency;
			package = 7269C03F2B8D12A400CC808E /* XCRemoteSwiftPackageReference "firebase-ios-sdk" */;
			productName = FirebaseAnalyticsSwift;
		};
		7269C0462B8D12A400CC808E /* FirebaseAnalyticsWithoutAdIdSupport */ = {
			isa = XCSwiftPackageProductDependency;
			package = 7269C03F2B8D12A400CC808E /* XCRemoteSwiftPackageReference "firebase-ios-sdk" */;
			productName = FirebaseAnalyticsWithoutAdIdSupport;
		};
		7269C0482B8D12A400CC808E /* FirebaseAppCheck */ = {
			isa = XCSwiftPackageProductDependency;
			package = 7269C03F2B8D12A400CC808E /* XCRemoteSwiftPackageReference "firebase-ios-sdk" */;
			productName = FirebaseAppCheck;
		};
/* End XCSwiftPackageProductDependency section */
	};
	rootObject = 7269C0262B8D102F00CC808E /* Project object */;
}
